
Microsoft Visual Studio Solution File, Format Version 12.00
Project("{FAE04EC0-301F-11D3-BF4B-00C04F79EFBC}") = "Part1", "Part1\Part1.csproj", "{2F165FA1-8BEA-4A21-84CE-B08B95C0C2E3}"
EndProject
Project("{FAE04EC0-301F-11D3-BF4B-00C04F79EFBC}") = "Shared", "Shared\Shared.csproj", "{312EB22D-D0C1-4820-BA00-B6E331C3CA23}"
EndProject
Global
	GlobalSection(SolutionConfigurationPlatforms) = preSolution
		Debug|Any CPU = Debug|Any CPU
		Release|Any CPU = Release|Any CPU
	EndGlobalSection
	GlobalSection(ProjectConfigurationPlatforms) = postSolution
		{2F165FA1-8BEA-4A21-84CE-B08B95C0C2E3}.Debug|Any CPU.ActiveCfg = Debug|Any CPU
		{2F165FA1-8BEA-4A21-84CE-B08B95C0C2E3}.Debug|Any CPU.Build.0 = Debug|Any CPU
		{2F165FA1-8BEA-4A21-84CE-B08B95C0C2E3}.Release|Any CPU.ActiveCfg = Release|Any CPU
		{2F165FA1-8BEA-4A21-84CE-B08B95C0C2E3}.Release|Any CPU.Build.0 = Release|Any CPU
		{312EB22D-D0C1-4820-BA00-B6E331C3CA23}.Debug|Any CPU.ActiveCfg = Debug|Any CPU
		{312EB22D-D0C1-4820-BA00-B6E331C3CA23}.Debug|Any CPU.Build.0 = Debug|Any CPU
		{312EB22D-D0C1-4820-BA00-B6E331C3CA23}.Release|Any CPU.ActiveCfg = Release|Any CPU
		{312EB22D-D0C1-4820-BA00-B6E331C3CA23}.Release|Any CPU.Build.0 = Release|Any CPU
	EndGlobalSection
EndGlobal
